Microsoft Visual Studio Solution File, Format Version 12.00
# Visual Studio Version 17
VisualStudioVersion = 17.5.2.0
MinimumVisualStudioVersion = 10.0.40219.1
Project("{2150E333-8FDC-42A3-9474-1A3956D46DE8}") = "src", "src", "{827E0CD3-B72D-47B6-A68D-7590B98EB39B}"
EndProject
Project("{FAE04EC0-301F-11D3-BF4B-00C04F79EFBC}") = "ZEN.Infrastructure", "src\ZEN.Infrastructure\ZEN.Infrastructure.csproj", "{14EEA68A-52C3-7633-4D96-8D18B501F20B}"
EndProject
Project("{FAE04EC0-301F-11D3-BF4B-00C04F79EFBC}") = "ZEN.Infrastructure.Mysql", "src\ZEN.Infrastructure.Mysql\ZEN.Infrastructure.Mysql.csproj", "{A1F91DD1-094D-4D28-0B2B-A6DE8D0D1700}"
EndProject
Project("{FAE04EC0-301F-11D3-BF4B-00C04F79EFBC}") = "ZEN.Controller", "src\ZEN.Controller\ZEN.Controller.csproj", "{7BA7FEEF-5A98-4133-D2A6-C529C2A0DB6D}"
EndProject
Project("{FAE04EC0-301F-11D3-BF4B-00C04F79EFBC}") = "ZEN.CoreLib", "src\ZEN.CoreLib\ZEN.CoreLib.csproj", "{0A497849-BDB3-F65E-B2F4-9645F36393C7}"
EndProject
Project("{FAE04EC0-301F-11D3-BF4B-00C04F79EFBC}") = "ZEN.Application", "src\ZEN.Application\ZEN.Application.csproj", "{2258F1A0-733E-895D-07D9-0648007C0072}"
EndProject
Project("{FAE04EC0-301F-11D3-BF4B-00C04F79EFBC}") = "ZEN.Startup", "src\ZEN.Startup\ZEN.Startup.csproj", "{B34E0037-B90D-6441-1568-9680B19E0988}"
EndProject
Project("{FAE04EC0-301F-11D3-BF4B-00C04F79EFBC}") = "ZEN.Contract", "src\ZEN.Contract\ZEN.Contract.csproj", "{61981931-ED8E-F233-8838-707FEB11E613}"
EndProject
Project("{FAE04EC0-301F-11D3-BF4B-00C04F79EFBC}") = "ZEN.Domain", "src\ZEN.Domain\ZEN.Domain.csproj", "{73F8F445-61E1-00FA-BD64-C98A8FCC7147}"
EndProject
Global
	GlobalSection(SolutionConfigurationPlatforms) = preSolution
		Debug|Any CPU = Debug|Any CPU
		Release|Any CPU = Release|Any CPU
	EndGlobalSection
	GlobalSection(ProjectConfigurationPlatforms) = postSolution
		{14EEA68A-52C3-7633-4D96-8D18B501F20B}.Debug|Any CPU.ActiveCfg = Debug|Any CPU
		{14EEA68A-52C3-7633-4D96-8D18B501F20B}.Debug|Any CPU.Build.0 = Debug|Any CPU
		{14EEA68A-52C3-7633-4D96-8D18B501F20B}.Release|Any CPU.ActiveCfg = Release|Any CPU
		{14EEA68A-52C3-7633-4D96-8D18B501F20B}.Release|Any CPU.Build.0 = Release|Any CPU
		{A1F91DD1-094D-4D28-0B2B-A6DE8D0D1700}.Debug|Any CPU.ActiveCfg = Debug|Any CPU
		{A1F91DD1-094D-4D28-0B2B-A6DE8D0D1700}.Debug|Any CPU.Build.0 = Debug|Any CPU
		{A1F91DD1-094D-4D28-0B2B-A6DE8D0D1700}.Release|Any CPU.ActiveCfg = Release|Any CPU
		{A1F91DD1-094D-4D28-0B2B-A6DE8D0D1700}.Release|Any CPU.Build.0 = Release|Any CPU
		{7BA7FEEF-5A98-4133-D2A6-C529C2A0DB6D}.Debug|Any CPU.ActiveCfg = Debug|Any CPU
		{7BA7FEEF-5A98-4133-D2A6-C529C2A0DB6D}.Debug|Any CPU.Build.0 = Debug|Any CPU
		{7BA7FEEF-5A98-4133-D2A6-C529C2A0DB6D}.Release|Any CPU.ActiveCfg = Release|Any CPU
		{7BA7FEEF-5A98-4133-D2A6-C529C2A0DB6D}.Release|Any CPU.Build.0 = Release|Any CPU
		{0A497849-BDB3-F65E-B2F4-9645F36393C7}.Debug|Any CPU.ActiveCfg = Debug|Any CPU
		{0A497849-BDB3-F65E-B2F4-9645F36393C7}.Debug|Any CPU.Build.0 = Debug|Any CPU
		{0A497849-BDB3-F65E-B2F4-9645F36393C7}.Release|Any CPU.ActiveCfg = Release|Any CPU
		{0A497849-BDB3-F65E-B2F4-9645F36393C7}.Release|Any CPU.Build.0 = Release|Any CPU
		{2258F1A0-733E-895D-07D9-0648007C0072}.Debug|Any CPU.ActiveCfg = Debug|Any CPU
		{2258F1A0-733E-895D-07D9-0648007C0072}.Debug|Any CPU.Build.0 = Debug|Any CPU
		{2258F1A0-733E-895D-07D9-0648007C0072}.Release|Any CPU.ActiveCfg = Release|Any CPU
		{2258F1A0-733E-895D-07D9-0648007C0072}.Release|Any CPU.Build.0 = Release|Any CPU
		{B34E0037-B90D-6441-1568-9680B19E0988}.Debug|Any CPU.ActiveCfg = Debug|Any CPU
		{B34E0037-B90D-6441-1568-9680B19E0988}.Debug|Any CPU.Build.0 = Debug|Any CPU
		{B34E0037-B90D-6441-1568-9680B19E0988}.Release|Any CPU.ActiveCfg = Release|Any CPU
		{B34E0037-B90D-6441-1568-9680B19E0988}.Release|Any CPU.Build.0 = Release|Any CPU
		{61981931-ED8E-F233-8838-707FEB11E613}.Debug|Any CPU.ActiveCfg = Debug|Any CPU
		{61981931-ED8E-F233-8838-707FEB11E613}.Debug|Any CPU.Build.0 = Debug|Any CPU
		{61981931-ED8E-F233-8838-707FEB11E613}.Release|Any CPU.ActiveCfg = Release|Any CPU
		{61981931-ED8E-F233-8838-707FEB11E613}.Release|Any CPU.Build.0 = Release|Any CPU
		{73F8F445-61E1-00FA-BD64-C98A8FCC7147}.Debug|Any CPU.ActiveCfg = Debug|Any CPU
		{73F8F445-61E1-00FA-BD64-C98A8FCC7147}.Debug|Any CPU.Build.0 = Debug|Any CPU
		{73F8F445-61E1-00FA-BD64-C98A8FCC7147}.Release|Any CPU.ActiveCfg = Release|Any CPU
		{73F8F445-61E1-00FA-BD64-C98A8FCC7147}.Release|Any CPU.Build.0 = Release|Any CPU
	EndGlobalSection
	GlobalSection(SolutionProperties) = preSolution
		HideSolutionNode = FALSE
	EndGlobalSection
	GlobalSection(NestedProjects) = preSolution
		{14EEA68A-52C3-7633-4D96-8D18B501F20B} = {827E0CD3-B72D-47B6-A68D-7590B98EB39B}
		{A1F91DD1-094D-4D28-0B2B-A6DE8D0D1700} = {827E0CD3-B72D-47B6-A68D-7590B98EB39B}
		{7BA7FEEF-5A98-4133-D2A6-C529C2A0DB6D} = {827E0CD3-B72D-47B6-A68D-7590B98EB39B}
		{0A497849-BDB3-F65E-B2F4-9645F36393C7} = {827E0CD3-B72D-47B6-A68D-7590B98EB39B}
		{2258F1A0-733E-895D-07D9-0648007C0072} = {827E0CD3-B72D-47B6-A68D-7590B98EB39B}
		{B34E0037-B90D-6441-1568-9680B19E0988} = {827E0CD3-B72D-47B6-A68D-7590B98EB39B}
		{61981931-ED8E-F233-8838-707FEB11E613} = {827E0CD3-B72D-47B6-A68D-7590B98EB39B}
		{73F8F445-61E1-00FA-BD64-C98A8FCC7147} = {827E0CD3-B72D-47B6-A68D-7590B98EB39B}
	EndGlobalSection
	GlobalSection(ExtensibilityGlobals) = postSolution
		SolutionGuid = {500E1911-B91E-4FF9-869C-68A614C7D75F}
	EndGlobalSection
EndGlobal
